
Microsoft Visual Studio Solution File, Format Version 12.00
# Visual Studio Version 16
VisualStudioVersion = 16.0.30611.23
MinimumVisualStudioVersion = 10.0.40219.1
Project("{FAE04EC0-301F-11D3-BF4B-00C04F79EFBC}") = "DemoMusicMVC", "DemoMusicMVC\DemoMusicMVC.csproj", "{EBC980BC-B108-4AF0-9DD2-A75C41F5C00C}"
EndProject
Global
	GlobalSection(SolutionConfigurationPlatforms) = preSolution
		Debug|Any CPU = Debug|Any CPU
		Release|Any CPU = Release|Any CPU
	EndGlobalSection
	GlobalSection(ProjectConfigurationPlatforms) = postSolution
		{EBC980BC-B108-4AF0-9DD2-A75C41F5C00C}.Debug|Any CPU.ActiveCfg = Debug|Any CPU
		{EBC980BC-B108-4AF0-9DD2-A75C41F5C00C}.Debug|Any CPU.Build.0 = Debug|Any CPU
		{EBC980BC-B108-4AF0-9DD2-A75C41F5C00C}.Release|Any CPU.ActiveCfg = Release|Any CPU
		{EBC980BC-B108-4AF0-9DD2-A75C41F5C00C}.Release|Any CPU.Build.0 = Release|Any CPU
	EndGlobalSection
	GlobalSection(SolutionProperties) = preSolution
		HideSolutionNode = FALSE
	EndGlobalSection
	GlobalSection(ExtensibilityGlobals) = postSolution
		SolutionGuid = {97975855-ECAE-4752-9670-3A93F5AEEDA9}
	EndGlobalSection
EndGlobal
